
Microsoft Visual Studio Solution File, Format Version 12.00
# Visual Studio Version 17
VisualStudioVersion = 17.4.33403.182
MinimumVisualStudioVersion = 10.0.40219.1
Project("{FAE04EC0-301F-11D3-BF4B-00C04F79EFBC}") = "Parcial3_OPP", "Parcial3_OPP.csproj", "{D9EBBCDC-B242-4479-A7D8-5ECC00260223}"
EndProject
Global
	GlobalSection(SolutionConfigurationPlatforms) = preSolution
		Debug|Any CPU = Debug|Any CPU
		Release|Any CPU = Release|Any CPU
	EndGlobalSection
	GlobalSection(ProjectConfigurationPlatforms) = postSolution
		{D9EBBCDC-B242-4479-A7D8-5ECC00260223}.Debug|Any CPU.ActiveCfg = Debug|Any CPU
		{D9EBBCDC-B242-4479-A7D8-5ECC00260223}.Debug|Any CPU.Build.0 = Debug|Any CPU
		{D9EBBCDC-B242-4479-A7D8-5ECC00260223}.Release|Any CPU.ActiveCfg = Release|Any CPU
		{D9EBBCDC-B242-4479-A7D8-5ECC00260223}.Release|Any CPU.Build.0 = Release|Any CPU
	EndGlobalSection
	GlobalSection(SolutionProperties) = preSolution
		HideSolutionNode = FALSE
	EndGlobalSection
	GlobalSection(ExtensibilityGlobals) = postSolution
		SolutionGuid = {CD7D8EF1-5307-4E73-8E33-B5D891F15059}
	EndGlobalSection
EndGlobal
