
Microsoft Visual Studio Solution File, Format Version 12.00
# Visual Studio Version 17
VisualStudioVersion = 17.4.33213.308
MinimumVisualStudioVersion = 10.0.40219.1
Project("{FAE04EC0-301F-11D3-BF4B-00C04F79EFBC}") = "Parcial3", "Parcial3\Parcial3.csproj", "{1549E94C-585E-4FDB-A2F2-87544CCC6E8C}"
EndProject
Global
	GlobalSection(SolutionConfigurationPlatforms) = preSolution
		Debug|Any CPU = Debug|Any CPU
		Release|Any CPU = Release|Any CPU
	EndGlobalSection
	GlobalSection(ProjectConfigurationPlatforms) = postSolution
		{1549E94C-585E-4FDB-A2F2-87544CCC6E8C}.Debug|Any CPU.ActiveCfg = Debug|Any CPU
		{1549E94C-585E-4FDB-A2F2-87544CCC6E8C}.Debug|Any CPU.Build.0 = Debug|Any CPU
		{1549E94C-585E-4FDB-A2F2-87544CCC6E8C}.Release|Any CPU.ActiveCfg = Release|Any CPU
		{1549E94C-585E-4FDB-A2F2-87544CCC6E8C}.Release|Any CPU.Build.0 = Release|Any CPU
	EndGlobalSection
	GlobalSection(SolutionProperties) = preSolution
		HideSolutionNode = FALSE
	EndGlobalSection
	GlobalSection(ExtensibilityGlobals) = postSolution
		SolutionGuid = {2BDD8A11-1A30-45AB-9E06-84FC3695A8FA}
	EndGlobalSection
EndGlobal
